
Microsoft Visual Studio Solution File, Format Version 12.00
# Visual Studio Version 16
VisualStudioVersion = 16.0.29324.140
MinimumVisualStudioVersion = 10.0.40219.1
Project("{9A19103F-16F7-4668-BE54-9A1E7A4F7556}") = "Services.Identity", "Backend\Services.Identity\Services.Identity.csproj", "{B1113E47-9598-4F22-BB88-06B2904E7035}"
EndProject
Project("{2150E333-8FDC-42A3-9474-1A3956D46DE8}") = "Tests", "Tests", "{6EBB66A3-A9E0-44DD-8EE5-923F32E93074}"
EndProject
Project("{2150E333-8FDC-42A3-9474-1A3956D46DE8}") = "Domain", "Domain", "{9C33A428-AF6D-4AFA-97F2-B7C4359B127F}"
EndProject
Project("{2150E333-8FDC-42A3-9474-1A3956D46DE8}") = "Libraries", "Libraries", "{AFC0C133-8BF8-4574-97D8-6F64AD901814}"
EndProject
Project("{9A19103F-16F7-4668-BE54-9A1E7A4F7556}") = "Services.Common", "Backend\Services.Common\Services.Common.csproj", "{E2C3DE5F-002C-4790-B19C-2F98A2D4050D}"
EndProject
Project("{9A19103F-16F7-4668-BE54-9A1E7A4F7556}") = "Services.Identity.Tests", "Backend\Services.Identity.Tests\Services.Identity.Tests.csproj", "{093CF659-70AE-463C-9C4A-18D476EEE5E2}"
EndProject
Project("{9A19103F-16F7-4668-BE54-9A1E7A4F7556}") = "Services.RabbitMq", "Backend\Services.RabbitMq\Services.RabbitMq.csproj", "{E6044E29-D503-41ED-A8C4-A250B9657263}"
EndProject
Project("{9A19103F-16F7-4668-BE54-9A1E7A4F7556}") = "Services.RabbitMq.Tests", "Backend\Services.RabbitMq.Tests\Services.RabbitMq.Tests.csproj", "{14486256-10D9-4A67-9C9B-3A6F61F64D7D}"
EndProject
Project("{9A19103F-16F7-4668-BE54-9A1E7A4F7556}") = "Services.Tests.Mocks", "Backend\Services.Tests.Mocks\Services.Tests.Mocks.csproj", "{DE432483-6A77-46F3-BF8B-109E9C6DA3B0}"
EndProject
Project("{2150E333-8FDC-42A3-9474-1A3956D46DE8}") = "Service Tests", "Service Tests", "{5E150D0F-0F62-4D52-A40A-34C4E7446F87}"
EndProject
Project("{9A19103F-16F7-4668-BE54-9A1E7A4F7556}") = "Services.Mail", "Backend\Services.Mail\Services.Mail.csproj", "{CB611B6F-F5E7-484C-8D78-71256B888BFA}"
EndProject
Project("{9A19103F-16F7-4668-BE54-9A1E7A4F7556}") = "Services.Mail.Tests", "Backend\Services.Mail.Tests\Services.Mail.Tests.csproj", "{6B5B9B4E-D1A8-4384-9BC6-57B0D49B3A82}"
EndProject
Project("{9A19103F-16F7-4668-BE54-9A1E7A4F7556}") = "Services.Operations", "Backend\Services.Operations\Services.Operations.csproj", "{66E1DDC6-69F6-4026-AD45-27F50AE6B816}"
EndProject
Project("{2150E333-8FDC-42A3-9474-1A3956D46DE8}") = "API", "API", "{72301679-A79C-4EF6-B339-03214C581186}"
EndProject
Project("{9A19103F-16F7-4668-BE54-9A1E7A4F7556}") = "Api.Gateway", "Backend\Api.Gateway\Api.Gateway.csproj", "{C552EC8C-2178-4D4A-9B76-86BFA1D9457E}"
EndProject
Project("{2150E333-8FDC-42A3-9474-1A3956D46DE8}") = "Prototype", "Prototype", "{F07E8FEF-28C9-4003-B237-02C66D277A77}"
EndProject
Project("{9A19103F-16F7-4668-BE54-9A1E7A4F7556}") = "Services.Test", "Backend\Prototype\Services.Test\Services.Test.csproj", "{5CE98475-D647-47CA-A9DD-7E59D2CB8AC8}"
EndProject
Project("{9A19103F-16F7-4668-BE54-9A1E7A4F7556}") = "Services.Business", "Backend\Services.Business\Services.Business.csproj", "{5CDA6572-F87D-411E-9DB9-7A49400ACE54}"
EndProject
Project("{9A19103F-16F7-4668-BE54-9A1E7A4F7556}") = "Services.Sites", "Backend\Services.Site\Services.Sites.csproj", "{21767D7C-7706-421A-8B73-2D5A4A34CE6A}"
EndProject
Project("{9A19103F-16F7-4668-BE54-9A1E7A4F7556}") = "Services.Operations.Tests", "Backend\Services.Operations.Tests\Services.Operations.Tests.csproj", "{EF57565A-3006-4E5F-9EE5-4697A7D512BD}"
EndProject
Project("{9A19103F-16F7-4668-BE54-9A1E7A4F7556}") = "Services.Businesses.Tests", "Backend\Services.Businesses.Tests\Services.Businesses.Tests.csproj", "{72B1D9BD-1C81-4311-88BB-A8EC9784C211}"
EndProject
Project("{9A19103F-16F7-4668-BE54-9A1E7A4F7556}") = "Services.Sites.Tests", "Backend\Services.Sites.Tests\Services.Sites.Tests.csproj", "{0DE6D89B-933D-4613-B425-AC2C68242ADC}"
EndProject
Project("{9A19103F-16F7-4668-BE54-9A1E7A4F7556}") = "Services.Push", "Backend\Services.Push\Services.Push.csproj", "{E4D1E615-898E-4EBF-89F8-085789C50B44}"
EndProject
Project("{9A19103F-16F7-4668-BE54-9A1E7A4F7556}") = "Services.Push.Tests", "Backend\Services.Push.Tests\Services.Push.Tests.csproj", "{34710E27-8D49-4C07-912B-09A38C6EDA48}"
EndProject
Project("{9A19103F-16F7-4668-BE54-9A1E7A4F7556}") = "Services.Logs", "Backend\Services.Logs\Services.Logs.csproj", "{50648173-FD5C-4660-84FA-329F3C1D7FEC}"
EndProject
Project("{2150E333-8FDC-42A3-9474-1A3956D46DE8}") = "Core", "Core", "{A7718D18-8214-408A-923D-6D4C419DD9B3}"
EndProject
Project("{9A19103F-16F7-4668-BE54-9A1E7A4F7556}") = "Services.Users", "Backend\Services.Users\Services.Users.csproj", "{B2C6F3CF-B576-4B4D-B132-B52EBA953078}"
EndProject
Project("{9A19103F-16F7-4668-BE54-9A1E7A4F7556}") = "Services.Visitors", "Backend\Services.Visitors\Services.Visitors.csproj", "{1570749F-5709-4DB0-B7E6-5FD20D99D709}"
EndProject
Project("{FAE04EC0-301F-11D3-BF4B-00C04F79EFBC}") = "Services.Users.Tests", "Backend\Services.Users.Tests\Services.Users.Tests.csproj", "{9E812BB4-3955-4C06-8E99-DA4FD7815323}"
EndProject
Global
	GlobalSection(SolutionConfigurationPlatforms) = preSolution
		Debug|Any CPU = Debug|Any CPU
		Release|Any CPU = Release|Any CPU
	EndGlobalSection
	GlobalSection(ProjectConfigurationPlatforms) = postSolution
		{B1113E47-9598-4F22-BB88-06B2904E7035}.Debug|Any CPU.ActiveCfg = Debug|Any CPU
		{B1113E47-9598-4F22-BB88-06B2904E7035}.Debug|Any CPU.Build.0 = Debug|Any CPU
		{B1113E47-9598-4F22-BB88-06B2904E7035}.Release|Any CPU.ActiveCfg = Release|Any CPU
		{B1113E47-9598-4F22-BB88-06B2904E7035}.Release|Any CPU.Build.0 = Release|Any CPU
		{E2C3DE5F-002C-4790-B19C-2F98A2D4050D}.Debug|Any CPU.ActiveCfg = Debug|Any CPU
		{E2C3DE5F-002C-4790-B19C-2F98A2D4050D}.Debug|Any CPU.Build.0 = Debug|Any CPU
		{E2C3DE5F-002C-4790-B19C-2F98A2D4050D}.Release|Any CPU.ActiveCfg = Release|Any CPU
		{E2C3DE5F-002C-4790-B19C-2F98A2D4050D}.Release|Any CPU.Build.0 = Release|Any CPU
		{093CF659-70AE-463C-9C4A-18D476EEE5E2}.Debug|Any CPU.ActiveCfg = Debug|Any CPU
		{093CF659-70AE-463C-9C4A-18D476EEE5E2}.Debug|Any CPU.Build.0 = Debug|Any CPU
		{093CF659-70AE-463C-9C4A-18D476EEE5E2}.Release|Any CPU.ActiveCfg = Release|Any CPU
		{093CF659-70AE-463C-9C4A-18D476EEE5E2}.Release|Any CPU.Build.0 = Release|Any CPU
		{E6044E29-D503-41ED-A8C4-A250B9657263}.Debug|Any CPU.ActiveCfg = Debug|Any CPU
		{E6044E29-D503-41ED-A8C4-A250B9657263}.Debug|Any CPU.Build.0 = Debug|Any CPU
		{E6044E29-D503-41ED-A8C4-A250B9657263}.Release|Any CPU.ActiveCfg = Release|Any CPU
		{E6044E29-D503-41ED-A8C4-A250B9657263}.Release|Any CPU.Build.0 = Release|Any CPU
		{14486256-10D9-4A67-9C9B-3A6F61F64D7D}.Debug|Any CPU.ActiveCfg = Debug|Any CPU
		{14486256-10D9-4A67-9C9B-3A6F61F64D7D}.Debug|Any CPU.Build.0 = Debug|Any CPU
		{14486256-10D9-4A67-9C9B-3A6F61F64D7D}.Release|Any CPU.ActiveCfg = Release|Any CPU
		{14486256-10D9-4A67-9C9B-3A6F61F64D7D}.Release|Any CPU.Build.0 = Release|Any CPU
		{DE432483-6A77-46F3-BF8B-109E9C6DA3B0}.Debug|Any CPU.ActiveCfg = Debug|Any CPU
		{DE432483-6A77-46F3-BF8B-109E9C6DA3B0}.Debug|Any CPU.Build.0 = Debug|Any CPU
		{DE432483-6A77-46F3-BF8B-109E9C6DA3B0}.Release|Any CPU.ActiveCfg = Release|Any CPU
		{DE432483-6A77-46F3-BF8B-109E9C6DA3B0}.Release|Any CPU.Build.0 = Release|Any CPU
		{CB611B6F-F5E7-484C-8D78-71256B888BFA}.Debug|Any CPU.ActiveCfg = Debug|Any CPU
		{CB611B6F-F5E7-484C-8D78-71256B888BFA}.Debug|Any CPU.Build.0 = Debug|Any CPU
		{CB611B6F-F5E7-484C-8D78-71256B888BFA}.Release|Any CPU.ActiveCfg = Release|Any CPU
		{CB611B6F-F5E7-484C-8D78-71256B888BFA}.Release|Any CPU.Build.0 = Release|Any CPU
		{6B5B9B4E-D1A8-4384-9BC6-57B0D49B3A82}.Debug|Any CPU.ActiveCfg = Debug|Any CPU
		{6B5B9B4E-D1A8-4384-9BC6-57B0D49B3A82}.Debug|Any CPU.Build.0 = Debug|Any CPU
		{6B5B9B4E-D1A8-4384-9BC6-57B0D49B3A82}.Release|Any CPU.ActiveCfg = Release|Any CPU
		{6B5B9B4E-D1A8-4384-9BC6-57B0D49B3A82}.Release|Any CPU.Build.0 = Release|Any CPU
		{66E1DDC6-69F6-4026-AD45-27F50AE6B816}.Debug|Any CPU.ActiveCfg = Debug|Any CPU
		{66E1DDC6-69F6-4026-AD45-27F50AE6B816}.Debug|Any CPU.Build.0 = Debug|Any CPU
		{66E1DDC6-69F6-4026-AD45-27F50AE6B816}.Release|Any CPU.ActiveCfg = Release|Any CPU
		{66E1DDC6-69F6-4026-AD45-27F50AE6B816}.Release|Any CPU.Build.0 = Release|Any CPU
		{C552EC8C-2178-4D4A-9B76-86BFA1D9457E}.Debug|Any CPU.ActiveCfg = Debug|Any CPU
		{C552EC8C-2178-4D4A-9B76-86BFA1D9457E}.Debug|Any CPU.Build.0 = Debug|Any CPU
		{C552EC8C-2178-4D4A-9B76-86BFA1D9457E}.Release|Any CPU.ActiveCfg = Release|Any CPU
		{C552EC8C-2178-4D4A-9B76-86BFA1D9457E}.Release|Any CPU.Build.0 = Release|Any CPU
		{5CE98475-D647-47CA-A9DD-7E59D2CB8AC8}.Debug|Any CPU.ActiveCfg = Debug|Any CPU
		{5CE98475-D647-47CA-A9DD-7E59D2CB8AC8}.Debug|Any CPU.Build.0 = Debug|Any CPU
		{5CE98475-D647-47CA-A9DD-7E59D2CB8AC8}.Release|Any CPU.ActiveCfg = Release|Any CPU
		{5CE98475-D647-47CA-A9DD-7E59D2CB8AC8}.Release|Any CPU.Build.0 = Release|Any CPU
		{5CDA6572-F87D-411E-9DB9-7A49400ACE54}.Debug|Any CPU.ActiveCfg = Debug|Any CPU
		{5CDA6572-F87D-411E-9DB9-7A49400ACE54}.Debug|Any CPU.Build.0 = Debug|Any CPU
		{5CDA6572-F87D-411E-9DB9-7A49400ACE54}.Release|Any CPU.ActiveCfg = Release|Any CPU
		{5CDA6572-F87D-411E-9DB9-7A49400ACE54}.Release|Any CPU.Build.0 = Release|Any CPU
		{21767D7C-7706-421A-8B73-2D5A4A34CE6A}.Debug|Any CPU.ActiveCfg = Debug|Any CPU
		{21767D7C-7706-421A-8B73-2D5A4A34CE6A}.Debug|Any CPU.Build.0 = Debug|Any CPU
		{21767D7C-7706-421A-8B73-2D5A4A34CE6A}.Release|Any CPU.ActiveCfg = Release|Any CPU
		{21767D7C-7706-421A-8B73-2D5A4A34CE6A}.Release|Any CPU.Build.0 = Release|Any CPU
		{EF57565A-3006-4E5F-9EE5-4697A7D512BD}.Debug|Any CPU.ActiveCfg = Debug|Any CPU
		{EF57565A-3006-4E5F-9EE5-4697A7D512BD}.Debug|Any CPU.Build.0 = Debug|Any CPU
		{EF57565A-3006-4E5F-9EE5-4697A7D512BD}.Release|Any CPU.ActiveCfg = Release|Any CPU
		{EF57565A-3006-4E5F-9EE5-4697A7D512BD}.Release|Any CPU.Build.0 = Release|Any CPU
		{72B1D9BD-1C81-4311-88BB-A8EC9784C211}.Debug|Any CPU.ActiveCfg = Debug|Any CPU
		{72B1D9BD-1C81-4311-88BB-A8EC9784C211}.Debug|Any CPU.Build.0 = Debug|Any CPU
		{72B1D9BD-1C81-4311-88BB-A8EC9784C211}.Release|Any CPU.ActiveCfg = Release|Any CPU
		{72B1D9BD-1C81-4311-88BB-A8EC9784C211}.Release|Any CPU.Build.0 = Release|Any CPU
		{0DE6D89B-933D-4613-B425-AC2C68242ADC}.Debug|Any CPU.ActiveCfg = Debug|Any CPU
		{0DE6D89B-933D-4613-B425-AC2C68242ADC}.Debug|Any CPU.Build.0 = Debug|Any CPU
		{0DE6D89B-933D-4613-B425-AC2C68242ADC}.Release|Any CPU.ActiveCfg = Release|Any CPU
		{0DE6D89B-933D-4613-B425-AC2C68242ADC}.Release|Any CPU.Build.0 = Release|Any CPU
		{E4D1E615-898E-4EBF-89F8-085789C50B44}.Debug|Any CPU.ActiveCfg = Debug|Any CPU
		{E4D1E615-898E-4EBF-89F8-085789C50B44}.Debug|Any CPU.Build.0 = Debug|Any CPU
		{E4D1E615-898E-4EBF-89F8-085789C50B44}.Release|Any CPU.ActiveCfg = Release|Any CPU
		{E4D1E615-898E-4EBF-89F8-085789C50B44}.Release|Any CPU.Build.0 = Release|Any CPU
		{34710E27-8D49-4C07-912B-09A38C6EDA48}.Debug|Any CPU.ActiveCfg = Debug|Any CPU
		{34710E27-8D49-4C07-912B-09A38C6EDA48}.Debug|Any CPU.Build.0 = Debug|Any CPU
		{34710E27-8D49-4C07-912B-09A38C6EDA48}.Release|Any CPU.ActiveCfg = Release|Any CPU
		{34710E27-8D49-4C07-912B-09A38C6EDA48}.Release|Any CPU.Build.0 = Release|Any CPU
		{50648173-FD5C-4660-84FA-329F3C1D7FEC}.Debug|Any CPU.ActiveCfg = Debug|Any CPU
		{50648173-FD5C-4660-84FA-329F3C1D7FEC}.Debug|Any CPU.Build.0 = Debug|Any CPU
		{50648173-FD5C-4660-84FA-329F3C1D7FEC}.Release|Any CPU.ActiveCfg = Release|Any CPU
		{50648173-FD5C-4660-84FA-329F3C1D7FEC}.Release|Any CPU.Build.0 = Release|Any CPU
		{B2C6F3CF-B576-4B4D-B132-B52EBA953078}.Debug|Any CPU.ActiveCfg = Debug|Any CPU
		{B2C6F3CF-B576-4B4D-B132-B52EBA953078}.Debug|Any CPU.Build.0 = Debug|Any CPU
		{B2C6F3CF-B576-4B4D-B132-B52EBA953078}.Release|Any CPU.ActiveCfg = Release|Any CPU
		{B2C6F3CF-B576-4B4D-B132-B52EBA953078}.Release|Any CPU.Build.0 = Release|Any CPU
		{1570749F-5709-4DB0-B7E6-5FD20D99D709}.Debug|Any CPU.ActiveCfg = Debug|Any CPU
		{1570749F-5709-4DB0-B7E6-5FD20D99D709}.Debug|Any CPU.Build.0 = Debug|Any CPU
		{1570749F-5709-4DB0-B7E6-5FD20D99D709}.Release|Any CPU.ActiveCfg = Release|Any CPU
		{1570749F-5709-4DB0-B7E6-5FD20D99D709}.Release|Any CPU.Build.0 = Release|Any CPU
		{9E812BB4-3955-4C06-8E99-DA4FD7815323}.Debug|Any CPU.ActiveCfg = Debug|Any CPU
		{9E812BB4-3955-4C06-8E99-DA4FD7815323}.Debug|Any CPU.Build.0 = Debug|Any CPU
		{9E812BB4-3955-4C06-8E99-DA4FD7815323}.Release|Any CPU.ActiveCfg = Release|Any CPU
		{9E812BB4-3955-4C06-8E99-DA4FD7815323}.Release|Any CPU.Build.0 = Release|Any CPU
	EndGlobalSection
	GlobalSection(SolutionProperties) = preSolution
		HideSolutionNode = FALSE
	EndGlobalSection
	GlobalSection(NestedProjects) = preSolution
		{B1113E47-9598-4F22-BB88-06B2904E7035} = {A7718D18-8214-408A-923D-6D4C419DD9B3}
		{E2C3DE5F-002C-4790-B19C-2F98A2D4050D} = {AFC0C133-8BF8-4574-97D8-6F64AD901814}
		{093CF659-70AE-463C-9C4A-18D476EEE5E2} = {5E150D0F-0F62-4D52-A40A-34C4E7446F87}
		{E6044E29-D503-41ED-A8C4-A250B9657263} = {AFC0C133-8BF8-4574-97D8-6F64AD901814}
		{14486256-10D9-4A67-9C9B-3A6F61F64D7D} = {6EBB66A3-A9E0-44DD-8EE5-923F32E93074}
		{DE432483-6A77-46F3-BF8B-109E9C6DA3B0} = {6EBB66A3-A9E0-44DD-8EE5-923F32E93074}
		{5E150D0F-0F62-4D52-A40A-34C4E7446F87} = {6EBB66A3-A9E0-44DD-8EE5-923F32E93074}
		{CB611B6F-F5E7-484C-8D78-71256B888BFA} = {9C33A428-AF6D-4AFA-97F2-B7C4359B127F}
		{6B5B9B4E-D1A8-4384-9BC6-57B0D49B3A82} = {5E150D0F-0F62-4D52-A40A-34C4E7446F87}
		{66E1DDC6-69F6-4026-AD45-27F50AE6B816} = {A7718D18-8214-408A-923D-6D4C419DD9B3}
		{C552EC8C-2178-4D4A-9B76-86BFA1D9457E} = {72301679-A79C-4EF6-B339-03214C581186}
		{5CE98475-D647-47CA-A9DD-7E59D2CB8AC8} = {F07E8FEF-28C9-4003-B237-02C66D277A77}
		{5CDA6572-F87D-411E-9DB9-7A49400ACE54} = {9C33A428-AF6D-4AFA-97F2-B7C4359B127F}
		{21767D7C-7706-421A-8B73-2D5A4A34CE6A} = {9C33A428-AF6D-4AFA-97F2-B7C4359B127F}
		{EF57565A-3006-4E5F-9EE5-4697A7D512BD} = {5E150D0F-0F62-4D52-A40A-34C4E7446F87}
		{72B1D9BD-1C81-4311-88BB-A8EC9784C211} = {5E150D0F-0F62-4D52-A40A-34C4E7446F87}
		{0DE6D89B-933D-4613-B425-AC2C68242ADC} = {5E150D0F-0F62-4D52-A40A-34C4E7446F87}
		{E4D1E615-898E-4EBF-89F8-085789C50B44} = {A7718D18-8214-408A-923D-6D4C419DD9B3}
		{34710E27-8D49-4C07-912B-09A38C6EDA48} = {5E150D0F-0F62-4D52-A40A-34C4E7446F87}
		{50648173-FD5C-4660-84FA-329F3C1D7FEC} = {A7718D18-8214-408A-923D-6D4C419DD9B3}
		{B2C6F3CF-B576-4B4D-B132-B52EBA953078} = {9C33A428-AF6D-4AFA-97F2-B7C4359B127F}
		{1570749F-5709-4DB0-B7E6-5FD20D99D709} = {9C33A428-AF6D-4AFA-97F2-B7C4359B127F}
		{9E812BB4-3955-4C06-8E99-DA4FD7815323} = {5E150D0F-0F62-4D52-A40A-34C4E7446F87}
	EndGlobalSection
	GlobalSection(ExtensibilityGlobals) = postSolution
		SolutionGuid = {8AE2854C-BF7D-42EF-A6DF-F092FB03F192}
	EndGlobalSection
EndGlobal
